
Microsoft Visual Studio Solution File, Format Version 12.00
# Visual Studio Version 16
VisualStudioVersion = 16.0.29509.3
MinimumVisualStudioVersion = 10.0.40219.1
Project("{FAE04EC0-301F-11D3-BF4B-00C04F79EFBC}") = "Hello World", "Hello World\Hello World.csproj", "{F20DF08D-1846-44A7-B9E3-068A626DF845}"
EndProject
Global
	GlobalSection(SolutionConfigurationPlatforms) = preSolution
		Debug|ARM = Debug|ARM
		Debug|ARM64 = Debug|ARM64
		Debug|x64 = Debug|x64
		Debug|x86 = Debug|x86
		Release|ARM = Release|ARM
		Release|ARM64 = Release|ARM64
		Release|x64 = Release|x64
		Release|x86 = Release|x86
	EndGlobalSection
	GlobalSection(ProjectConfigurationPlatforms) = postSolution
		{F20DF08D-1846-44A7-B9E3-068A626DF845}.Debug|ARM.ActiveCfg = Debug|ARM
		{F20DF08D-1846-44A7-B9E3-068A626DF845}.Debug|ARM.Build.0 = Debug|ARM
		{F20DF08D-1846-44A7-B9E3-068A626DF845}.Debug|ARM.Deploy.0 = Debug|ARM
		{F20DF08D-1846-44A7-B9E3-068A626DF845}.Debug|ARM64.ActiveCfg = Debug|ARM64
		{F20DF08D-1846-44A7-B9E3-068A626DF845}.Debug|ARM64.Build.0 = Debug|ARM64
		{F20DF08D-1846-44A7-B9E3-068A626DF845}.Debug|ARM64.Deploy.0 = Debug|ARM64
		{F20DF08D-1846-44A7-B9E3-068A626DF845}.Debug|x64.ActiveCfg = Debug|x64
		{F20DF08D-1846-44A7-B9E3-068A626DF845}.Debug|x64.Build.0 = Debug|x64
		{F20DF08D-1846-44A7-B9E3-068A626DF845}.Debug|x64.Deploy.0 = Debug|x64
		{F20DF08D-1846-44A7-B9E3-068A626DF845}.Debug|x86.ActiveCfg = Debug|x86
		{F20DF08D-1846-44A7-B9E3-068A626DF845}.Debug|x86.Build.0 = Debug|x86
		{F20DF08D-1846-44A7-B9E3-068A626DF845}.Debug|x86.Deploy.0 = Debug|x86
		{F20DF08D-1846-44A7-B9E3-068A626DF845}.Release|ARM.ActiveCfg = Release|ARM
		{F20DF08D-1846-44A7-B9E3-068A626DF845}.Release|ARM.Build.0 = Release|ARM
		{F20DF08D-1846-44A7-B9E3-068A626DF845}.Release|ARM.Deploy.0 = Release|ARM
		{F20DF08D-1846-44A7-B9E3-068A626DF845}.Release|ARM64.ActiveCfg = Release|ARM64
		{F20DF08D-1846-44A7-B9E3-068A626DF845}.Release|ARM64.Build.0 = Release|ARM64
		{F20DF08D-1846-44A7-B9E3-068A626DF845}.Release|ARM64.Deploy.0 = Release|ARM64
		{F20DF08D-1846-44A7-B9E3-068A626DF845}.Release|x64.ActiveCfg = Release|x64
		{F20DF08D-1846-44A7-B9E3-068A626DF845}.Release|x64.Build.0 = Release|x64
		{F20DF08D-1846-44A7-B9E3-068A626DF845}.Release|x64.Deploy.0 = Release|x64
		{F20DF08D-1846-44A7-B9E3-068A626DF845}.Release|x86.ActiveCfg = Release|x86
		{F20DF08D-1846-44A7-B9E3-068A626DF845}.Release|x86.Build.0 = Release|x86
		{F20DF08D-1846-44A7-B9E3-068A626DF845}.Release|x86.Deploy.0 = Release|x86
	EndGlobalSection
	GlobalSection(SolutionProperties) = preSolution
		HideSolutionNode = FALSE
	EndGlobalSection
	GlobalSection(ExtensibilityGlobals) = postSolution
		SolutionGuid = {2B27418A-17FC-49EF-8CAF-2AF7436A5A20}
	EndGlobalSection
EndGlobal
